
Microsoft Visual Studio Solution File, Format Version 12.00
# Visual Studio Version 16
VisualStudioVersion = 16.0.34601.136
MinimumVisualStudioVersion = 10.0.40219.1
Project("{9A19103F-16F7-4668-BE54-9A1E7A4F7556}") = "UseallBackend", "UseallBackend.csproj", "{BCD755C6-FAD2-4BE2-BD4A-6731EB985E58}"
EndProject
Global
	GlobalSection(SolutionConfigurationPlatforms) = preSolution
		Debug|Any CPU = Debug|Any CPU
		Release|Any CPU = Release|Any CPU
	EndGlobalSection
	GlobalSection(ProjectConfigurationPlatforms) = postSolution
		{BCD755C6-FAD2-4BE2-BD4A-6731EB985E58}.Debug|Any CPU.ActiveCfg = Debug|Any CPU
		{BCD755C6-FAD2-4BE2-BD4A-6731EB985E58}.Debug|Any CPU.Build.0 = Debug|Any CPU
		{BCD755C6-FAD2-4BE2-BD4A-6731EB985E58}.Release|Any CPU.ActiveCfg = Release|Any CPU
		{BCD755C6-FAD2-4BE2-BD4A-6731EB985E58}.Release|Any CPU.Build.0 = Release|Any CPU
	EndGlobalSection
	GlobalSection(SolutionProperties) = preSolution
		HideSolutionNode = FALSE
	EndGlobalSection
	GlobalSection(ExtensibilityGlobals) = postSolution
		SolutionGuid = {242B231E-534E-498C-9E1A-CD3D555B3616}
	EndGlobalSection
EndGlobal
